
Microsoft Visual Studio Solution File, Format Version 12.00
# Visual Studio Version 17
VisualStudioVersion = 17.11.35219.272
MinimumVisualStudioVersion = 10.0.40219.1
Project("{2150E333-8FDC-42A3-9474-1A3956D46DE8}") = "UI", "UI", "{65431238-7137-4A4E-A386-A27EE3BB11A5}"
EndProject
Project("{2150E333-8FDC-42A3-9474-1A3956D46DE8}") = "Backend", "Backend", "{B7D27E4F-CCAA-412A-AC96-4F23C715AD61}"
EndProject
Project("{2150E333-8FDC-42A3-9474-1A3956D46DE8}") = "UnitTest", "UnitTest", "{F20F7DC6-340C-44D9-997E-D55DBE59DEF1}"
EndProject
Project("{FAE04EC0-301F-11D3-BF4B-00C04F79EFBC}") = "ePizzaHub.UI", "ePizzaHub.UI\ePizzaHub.UI.csproj", "{AD9B030E-1E2E-4DB6-8E46-B00050A68B55}"
EndProject
Project("{2150E333-8FDC-42A3-9474-1A3956D46DE8}") = "API", "API", "{2BFE847A-394A-4E55-9446-92CB765AFE6C}"
EndProject
Project("{2150E333-8FDC-42A3-9474-1A3956D46DE8}") = "Core", "Core", "{0E00365D-A712-4710-B537-6462A35B83F1}"
EndProject
Project("{2150E333-8FDC-42A3-9474-1A3956D46DE8}") = "Infrastructure", "Infrastructure", "{08C08CE0-D236-46F6-AB25-EE92B4524B15}"
EndProject
Project("{FAE04EC0-301F-11D3-BF4B-00C04F79EFBC}") = "ePizzaHub.API", "ePizzaHub.API\ePizzaHub.API.csproj", "{14C2D582-4DE0-4431-9CD8-73F83A6A9064}"
EndProject
Project("{FAE04EC0-301F-11D3-BF4B-00C04F79EFBC}") = "ePizzaHub.Infrastructure", "ePizzaHub.Infrastructure\ePizzaHub.Infrastructure.csproj", "{12749D7E-03CC-4D14-A98B-063751BD149F}"
EndProject
Project("{FAE04EC0-301F-11D3-BF4B-00C04F79EFBC}") = "ePizzaHub.Core", "ePizzaHub.Core\ePizzaHub.Core.csproj", "{F81F9ABB-2D41-4E60-BF2F-86F7C8222201}"
EndProject
Project("{FAE04EC0-301F-11D3-BF4B-00C04F79EFBC}") = "ePizzaHub.Models", "ePizzaHub.Models\ePizzaHub.Models.csproj", "{8904EB57-8EE3-4BA1-A1DF-4FE3ADDC378C}"
EndProject
Project("{FAE04EC0-301F-11D3-BF4B-00C04F79EFBC}") = "ePizzaHub.Repositories", "ePizzaHub.Repositories\ePizzaHub.Repositories.csproj", "{866E6DB3-014D-4B8B-AAFE-84E2BAA478E4}"
EndProject
Global
	GlobalSection(SolutionConfigurationPlatforms) = preSolution
		Debug|Any CPU = Debug|Any CPU
		Release|Any CPU = Release|Any CPU
	EndGlobalSection
	GlobalSection(ProjectConfigurationPlatforms) = postSolution
		{AD9B030E-1E2E-4DB6-8E46-B00050A68B55}.Debug|Any CPU.ActiveCfg = Debug|Any CPU
		{AD9B030E-1E2E-4DB6-8E46-B00050A68B55}.Debug|Any CPU.Build.0 = Debug|Any CPU
		{AD9B030E-1E2E-4DB6-8E46-B00050A68B55}.Release|Any CPU.ActiveCfg = Release|Any CPU
		{AD9B030E-1E2E-4DB6-8E46-B00050A68B55}.Release|Any CPU.Build.0 = Release|Any CPU
		{14C2D582-4DE0-4431-9CD8-73F83A6A9064}.Debug|Any CPU.ActiveCfg = Debug|Any CPU
		{14C2D582-4DE0-4431-9CD8-73F83A6A9064}.Debug|Any CPU.Build.0 = Debug|Any CPU
		{14C2D582-4DE0-4431-9CD8-73F83A6A9064}.Release|Any CPU.ActiveCfg = Release|Any CPU
		{14C2D582-4DE0-4431-9CD8-73F83A6A9064}.Release|Any CPU.Build.0 = Release|Any CPU
		{12749D7E-03CC-4D14-A98B-063751BD149F}.Debug|Any CPU.ActiveCfg = Debug|Any CPU
		{12749D7E-03CC-4D14-A98B-063751BD149F}.Debug|Any CPU.Build.0 = Debug|Any CPU
		{12749D7E-03CC-4D14-A98B-063751BD149F}.Release|Any CPU.ActiveCfg = Release|Any CPU
		{12749D7E-03CC-4D14-A98B-063751BD149F}.Release|Any CPU.Build.0 = Release|Any CPU
		{F81F9ABB-2D41-4E60-BF2F-86F7C8222201}.Debug|Any CPU.ActiveCfg = Debug|Any CPU
		{F81F9ABB-2D41-4E60-BF2F-86F7C8222201}.Debug|Any CPU.Build.0 = Debug|Any CPU
		{F81F9ABB-2D41-4E60-BF2F-86F7C8222201}.Release|Any CPU.ActiveCfg = Release|Any CPU
		{F81F9ABB-2D41-4E60-BF2F-86F7C8222201}.Release|Any CPU.Build.0 = Release|Any CPU
		{8904EB57-8EE3-4BA1-A1DF-4FE3ADDC378C}.Debug|Any CPU.ActiveCfg = Debug|Any CPU
		{8904EB57-8EE3-4BA1-A1DF-4FE3ADDC378C}.Debug|Any CPU.Build.0 = Debug|Any CPU
		{8904EB57-8EE3-4BA1-A1DF-4FE3ADDC378C}.Release|Any CPU.ActiveCfg = Release|Any CPU
		{8904EB57-8EE3-4BA1-A1DF-4FE3ADDC378C}.Release|Any CPU.Build.0 = Release|Any CPU
		{866E6DB3-014D-4B8B-AAFE-84E2BAA478E4}.Debug|Any CPU.ActiveCfg = Debug|Any CPU
		{866E6DB3-014D-4B8B-AAFE-84E2BAA478E4}.Debug|Any CPU.Build.0 = Debug|Any CPU
		{866E6DB3-014D-4B8B-AAFE-84E2BAA478E4}.Release|Any CPU.ActiveCfg = Release|Any CPU
		{866E6DB3-014D-4B8B-AAFE-84E2BAA478E4}.Release|Any CPU.Build.0 = Release|Any CPU
	EndGlobalSection
	GlobalSection(SolutionProperties) = preSolution
		HideSolutionNode = FALSE
	EndGlobalSection
	GlobalSection(NestedProjects) = preSolution
		{AD9B030E-1E2E-4DB6-8E46-B00050A68B55} = {65431238-7137-4A4E-A386-A27EE3BB11A5}
		{2BFE847A-394A-4E55-9446-92CB765AFE6C} = {B7D27E4F-CCAA-412A-AC96-4F23C715AD61}
		{0E00365D-A712-4710-B537-6462A35B83F1} = {B7D27E4F-CCAA-412A-AC96-4F23C715AD61}
		{08C08CE0-D236-46F6-AB25-EE92B4524B15} = {B7D27E4F-CCAA-412A-AC96-4F23C715AD61}
		{14C2D582-4DE0-4431-9CD8-73F83A6A9064} = {2BFE847A-394A-4E55-9446-92CB765AFE6C}
		{12749D7E-03CC-4D14-A98B-063751BD149F} = {08C08CE0-D236-46F6-AB25-EE92B4524B15}
		{F81F9ABB-2D41-4E60-BF2F-86F7C8222201} = {0E00365D-A712-4710-B537-6462A35B83F1}
		{8904EB57-8EE3-4BA1-A1DF-4FE3ADDC378C} = {0E00365D-A712-4710-B537-6462A35B83F1}
		{866E6DB3-014D-4B8B-AAFE-84E2BAA478E4} = {08C08CE0-D236-46F6-AB25-EE92B4524B15}
	EndGlobalSection
	GlobalSection(ExtensibilityGlobals) = postSolution
		SolutionGuid = {A339EF9F-FD46-42FB-BFB4-D1CA08F8DB2A}
	EndGlobalSection
EndGlobal
